
Microsoft Visual Studio Solution File, Format Version 12.00
# Visual Studio Version 17
VisualStudioVersion = 17.6.33829.357
MinimumVisualStudioVersion = 10.0.40219.1
Project("{FAE04EC0-301F-11D3-BF4B-00C04F79EFBC}") = "EntityFramework.Relationships", "EntityFramework.Relationships\EntityFramework.Relationships.csproj", "{178D722B-9F9B-497A-88B9-7D5925D3F111}"
EndProject
Project("{FAE04EC0-301F-11D3-BF4B-00C04F79EFBC}") = "WpfApp2", "WpfApp2\WpfApp2.csproj", "{961C6D02-997A-45A5-9ABE-CD7F91352538}"
EndProject
Global
	GlobalSection(SolutionConfigurationPlatforms) = preSolution
		Debug|Any CPU = Debug|Any CPU
		Release|Any CPU = Release|Any CPU
	EndGlobalSection
	GlobalSection(ProjectConfigurationPlatforms) = postSolution
		{178D722B-9F9B-497A-88B9-7D5925D3F111}.Debug|Any CPU.ActiveCfg = Debug|Any CPU
		{178D722B-9F9B-497A-88B9-7D5925D3F111}.Debug|Any CPU.Build.0 = Debug|Any CPU
		{178D722B-9F9B-497A-88B9-7D5925D3F111}.Release|Any CPU.ActiveCfg = Release|Any CPU
		{178D722B-9F9B-497A-88B9-7D5925D3F111}.Release|Any CPU.Build.0 = Release|Any CPU
		{961C6D02-997A-45A5-9ABE-CD7F91352538}.Debug|Any CPU.ActiveCfg = Debug|Any CPU
		{961C6D02-997A-45A5-9ABE-CD7F91352538}.Debug|Any CPU.Build.0 = Debug|Any CPU
		{961C6D02-997A-45A5-9ABE-CD7F91352538}.Release|Any CPU.ActiveCfg = Release|Any CPU
		{961C6D02-997A-45A5-9ABE-CD7F91352538}.Release|Any CPU.Build.0 = Release|Any CPU
	EndGlobalSection
	GlobalSection(SolutionProperties) = preSolution
		HideSolutionNode = FALSE
	EndGlobalSection
	GlobalSection(ExtensibilityGlobals) = postSolution
		SolutionGuid = {BA312719-896D-4A8B-8B1B-D78DF24C3D1C}
	EndGlobalSection
EndGlobal
